
Microsoft Visual Studio Solution File, Format Version 12.00
# Visual Studio Version 17
VisualStudioVersion = 17.13.35825.156
MinimumVisualStudioVersion = 10.0.40219.1
Project("{FAE04EC0-301F-11D3-BF4B-00C04F79EFBC}") = "CloudSubscription", "CloudSubscription\CloudSubscription.csproj", "{94C0FB31-1677-53FD-CE06-D79358678933}"
EndProject
Project("{2150E333-8FDC-42A3-9474-1A3956D46DE8}") = "Elementi di soluzione", "Elementi di soluzione", "{9DF70304-0A22-CE1E-AA12-D5904EE55694}"
	ProjectSection(SolutionItems) = preProject
		MANUAL.md = MANUAL.md
		README.md = README.md
	EndProjectSection
EndProject
Project("{FAE04EC0-301F-11D3-BF4B-00C04F79EFBC}") = "MultiPanels", "MultiPanels\MultiPanels.csproj", "{523F7854-86CB-46A5-9B43-441CE464FCB9}"
EndProject
Project("{FAE04EC0-301F-11D3-BF4B-00C04F79EFBC}") = "SpecialWords", "SpecialWords\SpecialWords.csproj", "{B7F8C18D-6E7E-B2C0-5282-9D83E67A688E}"
EndProject
Project("{FAE04EC0-301F-11D3-BF4B-00C04F79EFBC}") = "FieldSetting", "FieldSetting\FieldSetting.csproj", "{AE35C861-BDFD-19F6-A373-07419769DB8C}"
EndProject
Project("{FAE04EC0-301F-11D3-BF4B-00C04F79EFBC}") = "FeaturesDemo", "FeaturesDemo\FeaturesDemo.csproj", "{058F2CAE-4472-96D0-30F6-91D1382EF003}"
EndProject
Project("{FAE04EC0-301F-11D3-BF4B-00C04F79EFBC}") = "InvoicesInCloudBackEnd", "InvoicesInCloud\BackEnd\InvoicesInCloudBackEnd.csproj", "{45AF2D72-8461-CF4F-46F0-77C1C8859175}"
EndProject
Project("{FAE04EC0-301F-11D3-BF4B-00C04F79EFBC}") = "InvoicesInCloud", "InvoicesInCloud\FrontEnd\InvoicesInCloud.csproj", "{41A67641-98E5-1407-2D4E-26A967B3474C}"
EndProject
Project("{FAE04EC0-301F-11D3-BF4B-00C04F79EFBC}") = "LoginAndSession", "LoginAndSession\LoginAndSession.csproj", "{FF0D5662-C8A2-EFF9-B4C1-6DDFF68E0472}"
EndProject
Project("{FAE04EC0-301F-11D3-BF4B-00C04F79EFBC}") = "PayPalIntegration", "PayPalIntegration\PayPalIntegration.csproj", "{B8310F82-2D39-2EDC-B69A-DD271C5FFBF7}"
EndProject
Project("{FAE04EC0-301F-11D3-BF4B-00C04F79EFBC}") = "ProjectTemplate", "ProjectTemplate\ProjectTemplate.csproj", "{1B008279-D4A5-2E17-E582-E33616C4AD7D}"
EndProject
Project("{FAE04EC0-301F-11D3-BF4B-00C04F79EFBC}") = "ApiProvider", "ApiProvider\ApiProvider.csproj", "{301A042B-ABA3-99D0-A8C9-4F202820616A}"
EndProject
Project("{FAE04EC0-301F-11D3-BF4B-00C04F79EFBC}") = "ApiConsumer", "ApiConsumer\ApiConsumer.csproj", "{363D5EB9-5CAE-80AA-654B-8CDAD8BBFF95}"
EndProject
Global
	GlobalSection(SolutionConfigurationPlatforms) = preSolution
		Debug|Any CPU = Debug|Any CPU
		Release|Any CPU = Release|Any CPU
	EndGlobalSection
	GlobalSection(ProjectConfigurationPlatforms) = postSolution
		{94C0FB31-1677-53FD-CE06-D79358678933}.Debug|Any CPU.ActiveCfg = Debug|Any CPU
		{94C0FB31-1677-53FD-CE06-D79358678933}.Debug|Any CPU.Build.0 = Debug|Any CPU
		{94C0FB31-1677-53FD-CE06-D79358678933}.Release|Any CPU.ActiveCfg = Release|Any CPU
		{94C0FB31-1677-53FD-CE06-D79358678933}.Release|Any CPU.Build.0 = Release|Any CPU
		{523F7854-86CB-46A5-9B43-441CE464FCB9}.Debug|Any CPU.ActiveCfg = Debug|Any CPU
		{523F7854-86CB-46A5-9B43-441CE464FCB9}.Debug|Any CPU.Build.0 = Debug|Any CPU
		{523F7854-86CB-46A5-9B43-441CE464FCB9}.Release|Any CPU.ActiveCfg = Release|Any CPU
		{523F7854-86CB-46A5-9B43-441CE464FCB9}.Release|Any CPU.Build.0 = Release|Any CPU
		{B7F8C18D-6E7E-B2C0-5282-9D83E67A688E}.Debug|Any CPU.ActiveCfg = Debug|Any CPU
		{B7F8C18D-6E7E-B2C0-5282-9D83E67A688E}.Debug|Any CPU.Build.0 = Debug|Any CPU
		{B7F8C18D-6E7E-B2C0-5282-9D83E67A688E}.Release|Any CPU.ActiveCfg = Release|Any CPU
		{B7F8C18D-6E7E-B2C0-5282-9D83E67A688E}.Release|Any CPU.Build.0 = Release|Any CPU
		{AE35C861-BDFD-19F6-A373-07419769DB8C}.Debug|Any CPU.ActiveCfg = Debug|Any CPU
		{AE35C861-BDFD-19F6-A373-07419769DB8C}.Debug|Any CPU.Build.0 = Debug|Any CPU
		{AE35C861-BDFD-19F6-A373-07419769DB8C}.Release|Any CPU.ActiveCfg = Release|Any CPU
		{AE35C861-BDFD-19F6-A373-07419769DB8C}.Release|Any CPU.Build.0 = Release|Any CPU
		{058F2CAE-4472-96D0-30F6-91D1382EF003}.Debug|Any CPU.ActiveCfg = Debug|Any CPU
		{058F2CAE-4472-96D0-30F6-91D1382EF003}.Debug|Any CPU.Build.0 = Debug|Any CPU
		{058F2CAE-4472-96D0-30F6-91D1382EF003}.Release|Any CPU.ActiveCfg = Release|Any CPU
		{058F2CAE-4472-96D0-30F6-91D1382EF003}.Release|Any CPU.Build.0 = Release|Any CPU
		{45AF2D72-8461-CF4F-46F0-77C1C8859175}.Debug|Any CPU.ActiveCfg = Debug|Any CPU
		{45AF2D72-8461-CF4F-46F0-77C1C8859175}.Debug|Any CPU.Build.0 = Debug|Any CPU
		{45AF2D72-8461-CF4F-46F0-77C1C8859175}.Release|Any CPU.ActiveCfg = Release|Any CPU
		{45AF2D72-8461-CF4F-46F0-77C1C8859175}.Release|Any CPU.Build.0 = Release|Any CPU
		{41A67641-98E5-1407-2D4E-26A967B3474C}.Debug|Any CPU.ActiveCfg = Debug|Any CPU
		{41A67641-98E5-1407-2D4E-26A967B3474C}.Debug|Any CPU.Build.0 = Debug|Any CPU
		{41A67641-98E5-1407-2D4E-26A967B3474C}.Release|Any CPU.ActiveCfg = Release|Any CPU
		{41A67641-98E5-1407-2D4E-26A967B3474C}.Release|Any CPU.Build.0 = Release|Any CPU
		{FF0D5662-C8A2-EFF9-B4C1-6DDFF68E0472}.Debug|Any CPU.ActiveCfg = Debug|Any CPU
		{FF0D5662-C8A2-EFF9-B4C1-6DDFF68E0472}.Debug|Any CPU.Build.0 = Debug|Any CPU
		{FF0D5662-C8A2-EFF9-B4C1-6DDFF68E0472}.Release|Any CPU.ActiveCfg = Release|Any CPU
		{FF0D5662-C8A2-EFF9-B4C1-6DDFF68E0472}.Release|Any CPU.Build.0 = Release|Any CPU
		{B8310F82-2D39-2EDC-B69A-DD271C5FFBF7}.Debug|Any CPU.ActiveCfg = Debug|Any CPU
		{B8310F82-2D39-2EDC-B69A-DD271C5FFBF7}.Debug|Any CPU.Build.0 = Debug|Any CPU
		{B8310F82-2D39-2EDC-B69A-DD271C5FFBF7}.Release|Any CPU.ActiveCfg = Release|Any CPU
		{B8310F82-2D39-2EDC-B69A-DD271C5FFBF7}.Release|Any CPU.Build.0 = Release|Any CPU
		{1B008279-D4A5-2E17-E582-E33616C4AD7D}.Debug|Any CPU.ActiveCfg = Debug|Any CPU
		{1B008279-D4A5-2E17-E582-E33616C4AD7D}.Debug|Any CPU.Build.0 = Debug|Any CPU
		{1B008279-D4A5-2E17-E582-E33616C4AD7D}.Release|Any CPU.ActiveCfg = Release|Any CPU
		{1B008279-D4A5-2E17-E582-E33616C4AD7D}.Release|Any CPU.Build.0 = Release|Any CPU
		{301A042B-ABA3-99D0-A8C9-4F202820616A}.Debug|Any CPU.ActiveCfg = Debug|Any CPU
		{301A042B-ABA3-99D0-A8C9-4F202820616A}.Debug|Any CPU.Build.0 = Debug|Any CPU
		{301A042B-ABA3-99D0-A8C9-4F202820616A}.Release|Any CPU.ActiveCfg = Release|Any CPU
		{301A042B-ABA3-99D0-A8C9-4F202820616A}.Release|Any CPU.Build.0 = Release|Any CPU
		{363D5EB9-5CAE-80AA-654B-8CDAD8BBFF95}.Debug|Any CPU.ActiveCfg = Debug|Any CPU
		{363D5EB9-5CAE-80AA-654B-8CDAD8BBFF95}.Debug|Any CPU.Build.0 = Debug|Any CPU
		{363D5EB9-5CAE-80AA-654B-8CDAD8BBFF95}.Release|Any CPU.ActiveCfg = Release|Any CPU
		{363D5EB9-5CAE-80AA-654B-8CDAD8BBFF95}.Release|Any CPU.Build.0 = Release|Any CPU
	EndGlobalSection
	GlobalSection(SolutionProperties) = preSolution
		HideSolutionNode = FALSE
	EndGlobalSection
	GlobalSection(ExtensibilityGlobals) = postSolution
		SolutionGuid = {BA664B56-E855-4A95-A720-4CFFF93F2468}
	EndGlobalSection
EndGlobal
